{
    "_meta": {
        "hash": {
            "sha256": "eb01f381411d1d3d2953a8f9f41f40c7e2e59d105bfd5957e769427536535d6b"
        },
        "pipfile-spec": 6,
        "requires": {
            "python_version": "3.7"
        },
        "sources": [
            {
                "name": "pypi",
                "url": "https://pypi.org/simple",
                "verify_ssl": true
            }
        ]
    },
    "default": {
        "certifi": {
            "hashes": [
                "sha256:e4f3620cfea4f83eedc95b24abd9cd56f3c4b146dd0177e83a21b4eb49e21e50",
                "sha256:fd7c7c74727ddcf00e9acd26bba8da604ffec95bf1c2144e67aff7a8b50e6cef"
            ],
            "version": "==2019.9.11"
        },
        "chardet": {
            "hashes": [
                "sha256:84ab92ed1c4d4f16916e05906b6b75a6c0fb5db821cc65e70cbd64a3e2a5eaae",
                "sha256:fc323ffcaeaed0e0a02bf4d117757b98aed530d9ed4531e3e15460124c106691"
            ],
            "version": "==3.0.4"
        },
        "django": {
            "hashes": [
                "sha256:1a41831eace203fd1939edf899e07d7abd12ce9bafc3d9a5a63a24a8d1d12bd5",
                "sha256:305b6c4fce9e03bb746e35780c2c4d52f29ea1669f15633cfd41bc8821c74c76"
            ],
            "index": "pypi",
            "version": "==2.1.11"
        },
        "get": {
            "hashes": [
                "sha256:688268840f923255932154a52bdd40ffac467de4126835c43846e9e6f112844c"
            ],
            "version": "==2019.4.13"
        },
        "idna": {
            "hashes": [
                "sha256:156a6814fb5ac1fc6850fb002e0852d56c0c8d2531923a51032d1b70760e186e",
                "sha256:684a38a6f903c1d71d6d5fac066b58d7768af4de2b832e426ec79c30daa94a16"
            ],
            "version": "==2.7"
        },
        "markdown": {
            "hashes": [
                "sha256:c00429bd503a47ec88d5e30a751e147dcb4c6889663cd3e2ba0afe858e009baa",
                "sha256:d02e0f9b04c500cde6637c11ad7c72671f359b87b9fe924b2383649d8841db7c"
            ],
            "index": "pypi",
            "version": "==3.0.1"
        },
        "post": {
            "hashes": [
                "sha256:8fd57fb16f2c90ef4a76b04b8701c4db8ded170e53fac9514b5ea0272da5d36f"
            ],
            "version": "==2019.4.13"
        },
        "public": {
            "hashes": [
                "sha256:e1436a8a99693a9849dfe40b9158f3837b7c309c163b2d3f5b8e9fce23876db1"
            ],
            "version": "==2019.4.13"
        },
        "pytz": {
            "hashes": [
                "sha256:1c557d7d0e871de1f5ccd5833f60fb2550652da6be2693c1e02300743d21500d",
                "sha256:b02c06db6cf09c12dd25137e563b31700d3b80fcc4ad23abb7a315f2789819be"
            ],
            "version": "==2019.3"
        },
        "query-string": {
            "hashes": [
                "sha256:bb24e4f58849ef6f8219b2446c2bed076d86c97720ae9c3ae918625807394ca8"
            ],
            "version": "==2019.4.13"
        },
        "request": {
            "hashes": [
                "sha256:009397eba1bd73ddc8fdc0745f15ecacdf38d0be2186ef431bc8357a60f0900b"
            ],
            "index": "pypi",
            "version": "==1.0.2"
        },
        "requests": {
            "hashes": [
                "sha256:63b52e3c866428a224f97cab011de738c36aec0185aa91cfacd418b5d58911d1",
                "sha256:ec22d826a36ed72a7358ff3fe56cbd4ba69dd7a6718ffd450ff0e9df7a47ce6a"
            ],
            "index": "pypi",
            "version": "==2.19.1"
        },
        "urllib3": {
            "hashes": [
                "sha256:a68ac5e15e76e7e5dd2b8f94007233e01effe3e50e8daddf69acfd81cb686baf",
                "sha256:b5725a0bd4ba422ab0e66e89e030c806576753ea3ee08554382c14e685d117b5"
            ],
            "version": "==1.23"
        }
    },
    "develop": {}
}
